
Microsoft Visual Studio Solution File, Format Version 12.00
# Visual Studio 15
VisualStudioVersion = 15.0.28307.271
MinimumVisualStudioVersion = 10.0.40219.1
Project("{FAE04EC0-301F-11D3-BF4B-00C04F79EFBC}") = "XamarinApp", "XamarinApp\XamarinApp.csproj", "{F6036AD1-6BB2-4325-AAD6-B8B9E25E981D}"
EndProject
Project("{FAE04EC0-301F-11D3-BF4B-00C04F79EFBC}") = "Models", "Models\Models.csproj", "{C8A99F6D-BDB2-40BA-AD45-85DDB75C421F}"
EndProject
Project("{FAE04EC0-301F-11D3-BF4B-00C04F79EFBC}") = "Repository", "Repository\Repository.csproj", "{675F67C6-19DA-4444-AAD5-939AE0B6AE49}"
EndProject
Global
	GlobalSection(SolutionConfigurationPlatforms) = preSolution
		Debug|Any CPU = Debug|Any CPU
		Release|Any CPU = Release|Any CPU
	EndGlobalSection
	GlobalSection(ProjectConfigurationPlatforms) = postSolution
		{F6036AD1-6BB2-4325-AAD6-B8B9E25E981D}.Debug|Any CPU.ActiveCfg = Debug|Any CPU
		{F6036AD1-6BB2-4325-AAD6-B8B9E25E981D}.Debug|Any CPU.Build.0 = Debug|Any CPU
		{F6036AD1-6BB2-4325-AAD6-B8B9E25E981D}.Debug|Any CPU.Deploy.0 = Debug|Any CPU
		{F6036AD1-6BB2-4325-AAD6-B8B9E25E981D}.Release|Any CPU.ActiveCfg = Release|Any CPU
		{F6036AD1-6BB2-4325-AAD6-B8B9E25E981D}.Release|Any CPU.Build.0 = Release|Any CPU
		{F6036AD1-6BB2-4325-AAD6-B8B9E25E981D}.Release|Any CPU.Deploy.0 = Release|Any CPU
		{C8A99F6D-BDB2-40BA-AD45-85DDB75C421F}.Debug|Any CPU.ActiveCfg = Debug|Any CPU
		{C8A99F6D-BDB2-40BA-AD45-85DDB75C421F}.Debug|Any CPU.Build.0 = Debug|Any CPU
		{C8A99F6D-BDB2-40BA-AD45-85DDB75C421F}.Release|Any CPU.ActiveCfg = Release|Any CPU
		{C8A99F6D-BDB2-40BA-AD45-85DDB75C421F}.Release|Any CPU.Build.0 = Release|Any CPU
		{675F67C6-19DA-4444-AAD5-939AE0B6AE49}.Debug|Any CPU.ActiveCfg = Debug|Any CPU
		{675F67C6-19DA-4444-AAD5-939AE0B6AE49}.Debug|Any CPU.Build.0 = Debug|Any CPU
		{675F67C6-19DA-4444-AAD5-939AE0B6AE49}.Release|Any CPU.ActiveCfg = Release|Any CPU
		{675F67C6-19DA-4444-AAD5-939AE0B6AE49}.Release|Any CPU.Build.0 = Release|Any CPU
	EndGlobalSection
	GlobalSection(SolutionProperties) = preSolution
		HideSolutionNode = FALSE
	EndGlobalSection
	GlobalSection(ExtensibilityGlobals) = postSolution
		SolutionGuid = {9613E8CB-B9E4-40EB-9A8B-8AEFF1AA49A3}
	EndGlobalSection
EndGlobal
